// !$*UTF8*$!
{
	archiveVersion = 1;
	classes = {
	};
	objectVersion = 50;
	objects = {

/* Begin PBXBuildFile section */
		CD6DD0A424363F11003618AF /* AppDelegate.swift in Sources */ = {isa = PBXBuildFile; fileRef = CD6DD0A324363F11003618AF /* AppDelegate.swift */; };
		CD6DD0A624363F11003618AF /* ContentView.swift in Sources */ = {isa = PBXBuildFile; fileRef = CD6DD0A524363F11003618AF /* ContentView.swift */; };
		CD6DD0B824363F47003618AF /* WebKit.framework in Frameworks */ = {isa = PBXBuildFile; fileRef = CD6DD0B724363F47003618AF /* WebKit.framework */; };
		CD6DD0BA24363FEB003618AF /* nanoant.icns in Resources */ = {isa = PBXBuildFile; fileRef = CD6DD0B924363FEB003618AF /* nanoant.icns */; };
		CD6DD0BC2436402C003618AF /* Jupyter.swift in Sources */ = {isa = PBXBuildFile; fileRef = CD6DD0BB2436402C003618AF /* Jupyter.swift */; };
		CD6DD0BF243640EB003618AF /* Main.storyboard in Resources */ = {isa = PBXBuildFile; fileRef = CD6DD0BE243640EB003618AF /* Main.storyboard */; };
/* End PBXBuildFile section */

/* Begin PBXFileReference section */
		CD6DD0A024363F11003618AF /* JupyterLab.app */ = {isa = PBXFileReference; explicitFileType = wrapper.application; includeInIndex = 0; path = JupyterLab.app; sourceTree = BUILT_PRODUCTS_DIR; };
		CD6DD0A324363F11003618AF /* AppDelegate.swift */ = {isa = PBXFileReference; lastKnownFileType = sourcecode.swift; path = AppDelegate.swift; sourceTree = "<group>"; };
		CD6DD0A524363F11003618AF /* ContentView.swift */ = {isa = PBXFileReference; lastKnownFileType = sourcecode.swift; path = ContentView.swift; sourceTree = "<group>"; };
		CD6DD0AF24363F16003618AF /* Info.plist */ = {isa = PBXFileReference; lastKnownFileType = text.plist.xml; path = Info.plist; sourceTree = "<group>"; };
		CD6DD0B024363F16003618AF /* JupyterLab.entitlements */ = {isa = PBXFileReference; lastKnownFileType = text.plist.entitlements; path = JupyterLab.entitlements; sourceTree = "<group>"; };
		CD6DD0B724363F47003618AF /* WebKit.framework */ = {isa = PBXFileReference; lastKnownFileType = wrapper.framework; name = WebKit.framework; path = System/Library/Frameworks/WebKit.framework; sourceTree = SDKROOT; };
		CD6DD0B924363FEB003618AF /* nanoant.icns */ = {isa = PBXFileReference; lastKnownFileType = image.icns; path = nanoant.icns; sourceTree = "<group>"; };
		CD6DD0BB2436402C003618AF /* Jupyter.swift */ = {isa = PBXFileReference; lastKnownFileType = sourcecode.swift; path = Jupyter.swift; sourceTree = "<group>"; };
		CD6DD0BE243640EB003618AF /* Main.storyboard */ = {isa = PBXFileReference; fileEncoding = 4; lastKnownFileType = file.storyboard; path = Main.storyboard; sourceTree = "<group>"; };
/* End PBXFileReference section */

/* Begin PBXFrameworksBuildPhase section */
		CD6DD09D24363F11003618AF /* Frameworks */ = {
			isa = PBXFrameworksBuildPhase;
			buildActionMask = 2147483647;
			files = (
				CD6DD0B824363F47003618AF /* WebKit.framework in Frameworks */,
			);
			runOnlyForDeploymentPostprocessing = 0;
		};
/* End PBXFrameworksBuildPhase section */

/* Begin PBXGroup section */
		CD6DD09724363F11003618AF = {
			isa = PBXGroup;
			children = (
				CD6DD0A224363F11003618AF /* JupyterLab */,
				CD6DD0A124363F11003618AF /* Products */,
				CD6DD0B624363F47003618AF /* Frameworks */,
			);
			sourceTree = "<group>";
		};
		CD6DD0A124363F11003618AF /* Products */ = {
			isa = PBXGroup;
			children = (
				CD6DD0A024363F11003618AF /* JupyterLab.app */,
			);
			name = Products;
			sourceTree = "<group>";
		};
		CD6DD0A224363F11003618AF /* JupyterLab */ = {
			isa = PBXGroup;
			children = (
				CD6DD0A324363F11003618AF /* AppDelegate.swift */,
				CD6DD0A524363F11003618AF /* ContentView.swift */,
				CD6DD0BB2436402C003618AF /* Jupyter.swift */,
				CD6DD0BE243640EB003618AF /* Main.storyboard */,
				CD6DD0B924363FEB003618AF /* nanoant.icns */,
				CD6DD0AF24363F16003618AF /* Info.plist */,
				CD6DD0B024363F16003618AF /* JupyterLab.entitlements */,
			);
			path = JupyterLab;
			sourceTree = "<group>";
		};
		CD6DD0B624363F47003618AF /* Frameworks */ = {
			isa = PBXGroup;
			children = (
				CD6DD0B724363F47003618AF /* WebKit.framework */,
			);
			name = Frameworks;
			sourceTree = "<group>";
		};
/* End PBXGroup section */

/* Begin PBXNativeTarget section */
		CD6DD09F24363F11003618AF /* JupyterLab */ = {
			isa = PBXNativeTarget;
			buildConfigurationList = CD6DD0B324363F16003618AF /* Build configuration list for PBXNativeTarget "JupyterLab" */;
			buildPhases = (
				CD6DD09C24363F11003618AF /* Sources */,
				CD6DD09D24363F11003618AF /* Frameworks */,
				CD6DD09E24363F11003618AF /* Resources */,
			);
			buildRules = (
			);
			dependencies = (
			);
			name = JupyterLab;
			productName = JupyterLab;
			productReference = CD6DD0A024363F11003618AF /* JupyterLab.app */;
			productType = "com.apple.product-type.application";
		};
/* End PBXNativeTarget section */

/* Begin PBXProject section */
		CD6DD09824363F11003618AF /* Project object */ = {
			isa = PBXProject;
			attributes = {
				LastSwiftUpdateCheck = 1140;
				LastUpgradeCheck = 1140;
				ORGANIZATIONNAME = "Valentin Shinkarev";
				TargetAttributes = {
					CD6DD09F24363F11003618AF = {
						CreatedOnToolsVersion = 11.4;
					};
				};
			};
			buildConfigurationList = CD6DD09B24363F11003618AF /* Build configuration list for PBXProject "JupyterLab" */;
			compatibilityVersion = "Xcode 9.3";
			developmentRegion = en;
			hasScannedForEncodings = 0;
			knownRegions = (
				en,
			);
			mainGroup = CD6DD09724363F11003618AF;
			productRefGroup = CD6DD0A124363F11003618AF /* Products */;
			projectDirPath = "";
			projectRoot = "";
			targets = (
				CD6DD09F24363F11003618AF /* JupyterLab */,
			);
		};
/* End PBXProject section */

/* Begin PBXResourcesBuildPhase section */
		CD6DD09E24363F11003618AF /* Resources */ = {
			isa = PBXResourcesBuildPhase;
			buildActionMask = 2147483647;
			files = (
				CD6DD0BA24363FEB003618AF /* nanoant.icns in Resources */,
				CD6DD0BF243640EB003618AF /* Main.storyboard in Resources */,
			);
			runOnlyForDeploymentPostprocessing = 0;
		};
/* End PBXResourcesBuildPhase section */

/* Begin PBXSourcesBuildPhase section */
		CD6DD09C24363F11003618AF /* Sources */ = {
			isa = PBXSourcesBuildPhase;
			buildActionMask = 2147483647;
			files = (
				CD6DD0A624363F11003618AF /* ContentView.swift in Sources */,
				CD6DD0BC2436402C003618AF /* Jupyter.swift in Sources */,
				CD6DD0A424363F11003618AF /* AppDelegate.swift in Sources */,
			);
			runOnlyForDeploymentPostprocessing = 0;
		};
/* End PBXSourcesBuildPhase section */

/* Begin XCBuildConfiguration section */
		CD6DD0B124363F16003618AF /* Debug */ = {
			isa = XCBuildConfiguration;
			buildSettings = {
				ALWAYS_SEARCH_USER_PATHS = NO;
				CLANG_ANALYZER_NONNULL = YES;
				CLANG_ANALYZER_NUMBER_OBJECT_CONVERSION = YES_AGGRESSIVE;
				CLANG_CXX_LANGUAGE_STANDARD = "gnu++14";
				CLANG_CXX_LIBRARY = "libc++";
				CLANG_ENABLE_MODULES = YES;
				CLANG_ENABLE_OBJC_ARC = YES;
				CLANG_ENABLE_OBJC_WEAK = YES;
				CLANG_WARN_BLOCK_CAPTURE_AUTORELEASING = YES;
				CLANG_WARN_BOOL_CONVERSION = YES;
				CLANG_WARN_COMMA = YES;
				CLANG_WARN_CONSTANT_CONVERSION = YES;
				CLANG_WARN_DEPRECATED_OBJC_IMPLEMENTATIONS = YES;
				CLANG_WARN_DIRECT_OBJC_ISA_USAGE = YES_ERROR;
				CLANG_WARN_DOCUMENTATION_COMMENTS = YES;
				CLANG_WARN_EMPTY_BODY = YES;
				CLANG_WARN_ENUM_CONVERSION = YES;
				CLANG_WARN_INFINITE_RECURSION = YES;
				CLANG_WARN_INT_CONVERSION = YES;
				CLANG_WARN_NON_LITERAL_NULL_CONVERSION = YES;
				CLANG_WARN_OBJC_IMPLICIT_RETAIN_SELF = YES;
				CLANG_WARN_OBJC_LITERAL_CONVERSION = YES;
				CLANG_WARN_OBJC_ROOT_CLASS = YES_ERROR;
				CLANG_WARN_RANGE_LOOP_ANALYSIS = YES;
				CLANG_WARN_STRICT_PROTOTYPES = YES;
				CLANG_WARN_SUSPICIOUS_MOVE = YES;
				CLANG_WARN_UNGUARDED_AVAILABILITY = YES_AGGRESSIVE;
				CLANG_WARN_UNREACHABLE_CODE = YES;
				CLANG_WARN__DUPLICATE_METHOD_MATCH = YES;
				COPY_PHASE_STRIP = NO;
				DEBUG_INFORMATION_FORMAT = dwarf;
				ENABLE_STRICT_OBJC_MSGSEND = YES;
				ENABLE_TESTABILITY = YES;
				GCC_C_LANGUAGE_STANDARD = gnu11;
				GCC_DYNAMIC_NO_PIC = NO;
				GCC_NO_COMMON_BLOCKS = YES;
				GCC_OPTIMIZATION_LEVEL = 0;
				GCC_PREPROCESSOR_DEFINITIONS = (
					"DEBUG=1",
					"$(inherited)",
				);
				GCC_WARN_64_TO_32_BIT_CONVERSION = YES;
				GCC_WARN_ABOUT_RETURN_TYPE = YES_ERROR;
				GCC_WARN_UNDECLARED_SELECTOR = YES;
				GCC_WARN_UNINITIALIZED_AUTOS = YES_AGGRESSIVE;
				GCC_WARN_UNUSED_FUNCTION = YES;
				GCC_WARN_UNUSED_VARIABLE = YES;
				MACOSX_DEPLOYMENT_TARGET = 10.15;
				MTL_ENABLE_DEBUG_INFO = INCLUDE_SOURCE;
				MTL_FAST_MATH = YES;
				ONLY_ACTIVE_ARCH = YES;
				SDKROOT = macosx;
				SWIFT_ACTIVE_COMPILATION_CONDITIONS = DEBUG;
				SWIFT_OPTIMIZATION_LEVEL = "-Onone";
			};
			name = Debug;
		};
		CD6DD0B224363F16003618AF /* Release */ = {
			isa = XCBuildConfiguration;
			buildSettings = {
				ALWAYS_SEARCH_USER_PATHS = NO;
				CLANG_ANALYZER_NONNULL = YES;
				CLANG_ANALYZER_NUMBER_OBJECT_CONVERSION = YES_AGGRESSIVE;
				CLANG_CXX_LANGUAGE_STANDARD = "gnu++14";
				CLANG_CXX_LIBRARY = "libc++";
				CLANG_ENABLE_MODULES = YES;
				CLANG_ENABLE_OBJC_ARC = YES;
				CLANG_ENABLE_OBJC_WEAK = YES;
				CLANG_WARN_BLOCK_CAPTURE_AUTORELEASING = YES;
				CLANG_WARN_BOOL_CONVERSION = YES;
				CLANG_WARN_COMMA = YES;
				CLANG_WARN_CONSTANT_CONVERSION = YES;
				CLANG_WARN_DEPRECATED_OBJC_IMPLEMENTATIONS = YES;
				CLANG_WARN_DIRECT_OBJC_ISA_USAGE = YES_ERROR;
				CLANG_WARN_DOCUMENTATION_COMMENTS = YES;
				CLANG_WARN_EMPTY_BODY = YES;
				CLANG_WARN_ENUM_CONVERSION = YES;
				CLANG_WARN_INFINITE_RECURSION = YES;
				CLANG_WARN_INT_CONVERSION = YES;
				CLANG_WARN_NON_LITERAL_NULL_CONVERSION = YES;
				CLANG_WARN_OBJC_IMPLICIT_RETAIN_SELF = YES;
				CLANG_WARN_OBJC_LITERAL_CONVERSION = YES;
				CLANG_WARN_OBJC_ROOT_CLASS = YES_ERROR;
				CLANG_WARN_RANGE_LOOP_ANALYSIS = YES;
				CLANG_WARN_STRICT_PROTOTYPES = YES;
				CLANG_WARN_SUSPICIOUS_MOVE = YES;
				CLANG_WARN_UNGUARDED_AVAILABILITY = YES_AGGRESSIVE;
				CLANG_WARN_UNREACHABLE_CODE = YES;
				CLANG_WARN__DUPLICATE_METHOD_MATCH = YES;
				COPY_PHASE_STRIP = NO;
				DEBUG_INFORMATION_FORMAT = "dwarf-with-dsym";
				ENABLE_NS_ASSERTIONS = NO;
				ENABLE_STRICT_OBJC_MSGSEND = YES;
				GCC_C_LANGUAGE_STANDARD = gnu11;
				GCC_NO_COMMON_BLOCKS = YES;
				GCC_WARN_64_TO_32_BIT_CONVERSION = YES;
				GCC_WARN_ABOUT_RETURN_TYPE = YES_ERROR;
				GCC_WARN_UNDECLARED_SELECTOR = YES;
				GCC_WARN_UNINITIALIZED_AUTOS = YES_AGGRESSIVE;
				GCC_WARN_UNUSED_FUNCTION = YES;
				GCC_WARN_UNUSED_VARIABLE = YES;
				MACOSX_DEPLOYMENT_TARGET = 10.15;
				MTL_ENABLE_DEBUG_INFO = NO;
				MTL_FAST_MATH = YES;
				SDKROOT = macosx;
				SWIFT_COMPILATION_MODE = wholemodule;
				SWIFT_OPTIMIZATION_LEVEL = "-O";
			};
			name = Release;
		};
		CD6DD0B424363F16003618AF /* Debug */ = {
			isa = XCBuildConfiguration;
			buildSettings = {
				CODE_SIGN_ENTITLEMENTS = JupyterLab/JupyterLab.entitlements;
				CODE_SIGN_STYLE = Automatic;
				COMBINE_HIDPI_IMAGES = YES;
				DEVELOPMENT_ASSET_PATHS = "";
				DEVELOPMENT_TEAM = 56Q5LS42B4;
				ENABLE_HARDENED_RUNTIME = YES;
				ENABLE_PREVIEWS = YES;
				INFOPLIST_FILE = JupyterLab/Info.plist;
				LD_RUNPATH_SEARCH_PATHS = (
					"$(inherited)",
					"@executable_path/../Frameworks",
				);
				MACOSX_DEPLOYMENT_TARGET = 10.15;
				PRODUCT_BUNDLE_IDENTIFIER = "s-valent.jupyterlab-app";
				PRODUCT_NAME = "$(TARGET_NAME)";
				SWIFT_VERSION = 5.0;
			};
			name = Debug;
		};
		CD6DD0B524363F16003618AF /* Release */ = {
			isa = XCBuildConfiguration;
			buildSettings = {
				CODE_SIGN_ENTITLEMENTS = JupyterLab/JupyterLab.entitlements;
				CODE_SIGN_STYLE = Automatic;
				COMBINE_HIDPI_IMAGES = YES;
				DEVELOPMENT_ASSET_PATHS = "";
				DEVELOPMENT_TEAM = 56Q5LS42B4;
				ENABLE_HARDENED_RUNTIME = YES;
				ENABLE_PREVIEWS = YES;
				INFOPLIST_FILE = JupyterLab/Info.plist;
				LD_RUNPATH_SEARCH_PATHS = (
					"$(inherited)",
					"@executable_path/../Frameworks",
				);
				MACOSX_DEPLOYMENT_TARGET = 10.15;
				PRODUCT_BUNDLE_IDENTIFIER = "s-valent.jupyterlab-app";
				PRODUCT_NAME = "$(TARGET_NAME)";
				SWIFT_VERSION = 5.0;
			};
			name = Release;
		};
/* End XCBuildConfiguration section */

/* Begin XCConfigurationList section */
		CD6DD09B24363F11003618AF /* Build configuration list for PBXProject "JupyterLab" */ = {
			isa = XCConfigurationList;
			buildConfigurations = (
				CD6DD0B124363F16003618AF /* Debug */,
				CD6DD0B224363F16003618AF /* Release */,
			);
			defaultConfigurationIsVisible = 0;
			defaultConfigurationName = Release;
		};
		CD6DD0B324363F16003618AF /* Build configuration list for PBXNativeTarget "JupyterLab" */ = {
			isa = XCConfigurationList;
			buildConfigurations = (
				CD6DD0B424363F16003618AF /* Debug */,
				CD6DD0B524363F16003618AF /* Release */,
			);
			defaultConfigurationIsVisible = 0;
			defaultConfigurationName = Release;
		};
/* End XCConfigurationList section */
	};
	rootObject = CD6DD09824363F11003618AF /* Project object */;
}
